
Microsoft Visual Studio Solution File, Format Version 12.00
# Visual Studio Version 17
VisualStudioVersion = 17.9.34714.143
MinimumVisualStudioVersion = 10.0.40219.1
Project("{9A19103F-16F7-4668-BE54-9A1E7A4F7556}") = "CleanArchitecture.Domain", "CleanArchitecture.Domain\CleanArchitecture.Domain.csproj", "{E718DDE2-44E7-45E5-A5E7-278935254D05}"
EndProject
Project("{FAE04EC0-301F-11D3-BF4B-00C04F79EFBC}") = "CleanArchitecture.Application", "CleanArchitecture.Application\CleanArchitecture.Application.csproj", "{FBDC7F8D-1719-48FB-A82A-7B52A9A2F19C}"
EndProject
Global
	GlobalSection(SolutionConfigurationPlatforms) = preSolution
		Debug|Any CPU = Debug|Any CPU
		Release|Any CPU = Release|Any CPU
	EndGlobalSection
	GlobalSection(ProjectConfigurationPlatforms) = postSolution
		{E718DDE2-44E7-45E5-A5E7-278935254D05}.Debug|Any CPU.ActiveCfg = Debug|Any CPU
		{E718DDE2-44E7-45E5-A5E7-278935254D05}.Debug|Any CPU.Build.0 = Debug|Any CPU
		{E718DDE2-44E7-45E5-A5E7-278935254D05}.Release|Any CPU.ActiveCfg = Release|Any CPU
		{E718DDE2-44E7-45E5-A5E7-278935254D05}.Release|Any CPU.Build.0 = Release|Any CPU
		{FBDC7F8D-1719-48FB-A82A-7B52A9A2F19C}.Debug|Any CPU.ActiveCfg = Debug|Any CPU
		{FBDC7F8D-1719-48FB-A82A-7B52A9A2F19C}.Debug|Any CPU.Build.0 = Debug|Any CPU
		{FBDC7F8D-1719-48FB-A82A-7B52A9A2F19C}.Release|Any CPU.ActiveCfg = Release|Any CPU
		{FBDC7F8D-1719-48FB-A82A-7B52A9A2F19C}.Release|Any CPU.Build.0 = Release|Any CPU
	EndGlobalSection
	GlobalSection(SolutionProperties) = preSolution
		HideSolutionNode = FALSE
	EndGlobalSection
	GlobalSection(ExtensibilityGlobals) = postSolution
		SolutionGuid = {0B3EDB35-F7A0-41DB-AB5B-66D61CD26E60}
	EndGlobalSection
EndGlobal
